
Microsoft Visual Studio Solution File, Format Version 12.00
# Visual Studio Version 17
VisualStudioVersion = 17.9.34616.47
MinimumVisualStudioVersion = 10.0.40219.1
Project("{FAE04EC0-301F-11D3-BF4B-00C04F79EFBC}") = "YurtKayitSistemi", "YurtKayitSistemi\YurtKayitSistemi.csproj", "{24DE8454-1059-4960-AC16-EAC6C7588D34}"
EndProject
Project("{54435603-DBB4-11D2-8724-00A0C9A8B90C}") = "Pera Yurt", "Pera Yurt\Pera Yurt.vdproj", "{3D0D5AB7-2F8D-4D41-A4EA-1B72B5869027}"
EndProject
Global
	GlobalSection(SolutionConfigurationPlatforms) = preSolution
		Debug|Any CPU = Debug|Any CPU
		Release|Any CPU = Release|Any CPU
	EndGlobalSection
	GlobalSection(ProjectConfigurationPlatforms) = postSolution
		{24DE8454-1059-4960-AC16-EAC6C7588D34}.Debug|Any CPU.ActiveCfg = Debug|Any CPU
		{24DE8454-1059-4960-AC16-EAC6C7588D34}.Debug|Any CPU.Build.0 = Debug|Any CPU
		{24DE8454-1059-4960-AC16-EAC6C7588D34}.Release|Any CPU.ActiveCfg = Release|Any CPU
		{24DE8454-1059-4960-AC16-EAC6C7588D34}.Release|Any CPU.Build.0 = Release|Any CPU
		{3D0D5AB7-2F8D-4D41-A4EA-1B72B5869027}.Debug|Any CPU.ActiveCfg = Debug
		{3D0D5AB7-2F8D-4D41-A4EA-1B72B5869027}.Release|Any CPU.ActiveCfg = Release
	EndGlobalSection
	GlobalSection(SolutionProperties) = preSolution
		HideSolutionNode = FALSE
	EndGlobalSection
	GlobalSection(ExtensibilityGlobals) = postSolution
		SolutionGuid = {78E2A1AE-336D-458A-9495-8D11AF44273F}
	EndGlobalSection
EndGlobal
